
Microsoft Visual Studio Solution File, Format Version 12.00
# Visual Studio Version 16
VisualStudioVersion = 16.0.30711.63
MinimumVisualStudioVersion = 10.0.40219.1
Project("{FAE04EC0-301F-11D3-BF4B-00C04F79EFBC}") = "NesneProjeOdevi", "NesneProjeOdevi.csproj", "{6A38B938-E01A-4D51-A317-05546CB5DBE0}"
EndProject
Global
	GlobalSection(SolutionConfigurationPlatforms) = preSolution
		Debug|Any CPU = Debug|Any CPU
		Release|Any CPU = Release|Any CPU
	EndGlobalSection
	GlobalSection(ProjectConfigurationPlatforms) = postSolution
		{6A38B938-E01A-4D51-A317-05546CB5DBE0}.Debug|Any CPU.ActiveCfg = Debug|Any CPU
		{6A38B938-E01A-4D51-A317-05546CB5DBE0}.Debug|Any CPU.Build.0 = Debug|Any CPU
		{6A38B938-E01A-4D51-A317-05546CB5DBE0}.Release|Any CPU.ActiveCfg = Release|Any CPU
		{6A38B938-E01A-4D51-A317-05546CB5DBE0}.Release|Any CPU.Build.0 = Release|Any CPU
	EndGlobalSection
	GlobalSection(SolutionProperties) = preSolution
		HideSolutionNode = FALSE
	EndGlobalSection
	GlobalSection(ExtensibilityGlobals) = postSolution
		SolutionGuid = {36429C66-762A-46F2-9C16-972BE42936E3}
	EndGlobalSection
EndGlobal
